// !$*UTF8*$!
{
	archiveVersion = 1;
	classes = {
	};
	objectVersion = 46;
	objects = {

/* Begin PBXBuildFile section */
		CCF5068D1E2876F600FA8F86 /* AppDelegate.swift in Sources */ = {isa = PBXBuildFile; fileRef = CCF5068C1E2876F600FA8F86 /* AppDelegate.swift */; };
		CCF5068F1E2876F600FA8F86 /* ViewController.swift in Sources */ = {isa = PBXBuildFile; fileRef = CCF5068E1E2876F600FA8F86 /* ViewController.swift */; };
		CCF506921E2876F600FA8F86 /* Main.storyboard in Resources */ = {isa = PBXBuildFile; fileRef = CCF506901E2876F600FA8F86 /* Main.storyboard */; };
		CCF506941E2876F600FA8F86 /* Assets.xcassets in Resources */ = {isa = PBXBuildFile; fileRef = CCF506931E2876F600FA8F86 /* Assets.xcassets */; };
		CCF506971E2876F600FA8F86 /* LaunchScreen.storyboard in Resources */ = {isa = PBXBuildFile; fileRef = CCF506951E2876F600FA8F86 /* LaunchScreen.storyboard */; };
		CCF5069F1E28772500FA8F86 /* BTFlashMessage.swift in Sources */ = {isa = PBXBuildFile; fileRef = CCF5069E1E28772500FA8F86 /* BTFlashMessage.swift */; };
/* End PBXBuildFile section */

/* Begin PBXFileReference section */
		CCF506891E2876F600FA8F86 /* BTFlashMessageDemo.app */ = {isa = PBXFileReference; explicitFileType = wrapper.application; includeInIndex = 0; path = BTFlashMessageDemo.app; sourceTree = BUILT_PRODUCTS_DIR; };
		CCF5068C1E2876F600FA8F86 /* AppDelegate.swift */ = {isa = PBXFileReference; lastKnownFileType = sourcecode.swift; path = AppDelegate.swift; sourceTree = "<group>"; };
		CCF5068E1E2876F600FA8F86 /* ViewController.swift */ = {isa = PBXFileReference; lastKnownFileType = sourcecode.swift; path = ViewController.swift; sourceTree = "<group>"; };
		CCF506911E2876F600FA8F86 /* Base */ = {isa = PBXFileReference; lastKnownFileType = file.storyboard; name = Base; path = Base.lproj/Main.storyboard; sourceTree = "<group>"; };
		CCF506931E2876F600FA8F86 /* Assets.xcassets */ = {isa = PBXFileReference; lastKnownFileType = folder.assetcatalog; path = Assets.xcassets; sourceTree = "<group>"; };
		CCF506961E2876F600FA8F86 /* Base */ = {isa = PBXFileReference; lastKnownFileType = file.storyboard; name = Base; path = Base.lproj/LaunchScreen.storyboard; sourceTree = "<group>"; };
		CCF506981E2876F600FA8F86 /* Info.plist */ = {isa = PBXFileReference; lastKnownFileType = text.plist.xml; path = Info.plist; sourceTree = "<group>"; };
		CCF5069E1E28772500FA8F86 /* BTFlashMessage.swift */ = {isa = PBXFileReference; fileEncoding = 4; lastKnownFileType = sourcecode.swift; path = BTFlashMessage.swift; sourceTree = "<group>"; };
/* End PBXFileReference section */

/* Begin PBXFrameworksBuildPhase section */
		CCF506861E2876F600FA8F86 /* Frameworks */ = {
			isa = PBXFrameworksBuildPhase;
			buildActionMask = 2147483647;
			files = (
			);
			runOnlyForDeploymentPostprocessing = 0;
		};
/* End PBXFrameworksBuildPhase section */

/* Begin PBXGroup section */
		CCF506801E2876F600FA8F86 = {
			isa = PBXGroup;
			children = (
				CCF5068B1E2876F600FA8F86 /* BTFlashMessageDemo */,
				CCF5068A1E2876F600FA8F86 /* Products */,
			);
			sourceTree = "<group>";
		};
		CCF5068A1E2876F600FA8F86 /* Products */ = {
			isa = PBXGroup;
			children = (
				CCF506891E2876F600FA8F86 /* BTFlashMessageDemo.app */,
			);
			name = Products;
			sourceTree = "<group>";
		};
		CCF5068B1E2876F600FA8F86 /* BTFlashMessageDemo */ = {
			isa = PBXGroup;
			children = (
				CCF5068C1E2876F600FA8F86 /* AppDelegate.swift */,
				CCF5068E1E2876F600FA8F86 /* ViewController.swift */,
				CCF5069E1E28772500FA8F86 /* BTFlashMessage.swift */,
				CCF506901E2876F600FA8F86 /* Main.storyboard */,
				CCF506931E2876F600FA8F86 /* Assets.xcassets */,
				CCF506951E2876F600FA8F86 /* LaunchScreen.storyboard */,
				CCF506981E2876F600FA8F86 /* Info.plist */,
			);
			path = BTFlashMessageDemo;
			sourceTree = "<group>";
		};
/* End PBXGroup section */

/* Begin PBXNativeTarget section */
		CCF506881E2876F600FA8F86 /* BTFlashMessageDemo */ = {
			isa = PBXNativeTarget;
			buildConfigurationList = CCF5069B1E2876F600FA8F86 /* Build configuration list for PBXNativeTarget "BTFlashMessageDemo" */;
			buildPhases = (
				CCF506851E2876F600FA8F86 /* Sources */,
				CCF506861E2876F600FA8F86 /* Frameworks */,
				CCF506871E2876F600FA8F86 /* Resources */,
			);
			buildRules = (
			);
			dependencies = (
			);
			name = BTFlashMessageDemo;
			productName = BTFlashMessageDemo;
			productReference = CCF506891E2876F600FA8F86 /* BTFlashMessageDemo.app */;
			productType = "com.apple.product-type.application";
		};
/* End PBXNativeTarget section */

/* Begin PBXProject section */
		CCF506811E2876F600FA8F86 /* Project object */ = {
			isa = PBXProject;
			attributes = {
				LastSwiftUpdateCheck = 0810;
				LastUpgradeCheck = 0810;
				ORGANIZATIONNAME = vns;
				TargetAttributes = {
					CCF506881E2876F600FA8F86 = {
						CreatedOnToolsVersion = 8.1;
						DevelopmentTeam = 78CZW53SFT;
						ProvisioningStyle = Automatic;
					};
				};
			};
			buildConfigurationList = CCF506841E2876F600FA8F86 /* Build configuration list for PBXProject "BTFlashMessageDemo" */;
			compatibilityVersion = "Xcode 3.2";
			developmentRegion = English;
			hasScannedForEncodings = 0;
			knownRegions = (
				en,
				Base,
			);
			mainGroup = CCF506801E2876F600FA8F86;
			productRefGroup = CCF5068A1E2876F600FA8F86 /* Products */;
			projectDirPath = "";
			projectRoot = "";
			targets = (
				CCF506881E2876F600FA8F86 /* BTFlashMessageDemo */,
			);
		};
/* End PBXProject section */

/* Begin PBXResourcesBuildPhase section */
		CCF506871E2876F600FA8F86 /* Resources */ = {
			isa = PBXResourcesBuildPhase;
			buildActionMask = 2147483647;
			files = (
				CCF506971E2876F600FA8F86 /* LaunchScreen.storyboard in Resources */,
				CCF506941E2876F600FA8F86 /* Assets.xcassets in Resources */,
				CCF506921E2876F600FA8F86 /* Main.storyboard in Resources */,
			);
			runOnlyForDeploymentPostprocessing = 0;
		};
/* End PBXResourcesBuildPhase section */

/* Begin PBXSourcesBuildPhase section */
		CCF506851E2876F600FA8F86 /* Sources */ = {
			isa = PBXSourcesBuildPhase;
			buildActionMask = 2147483647;
			files = (
				CCF5069F1E28772500FA8F86 /* BTFlashMessage.swift in Sources */,
				CCF5068F1E2876F600FA8F86 /* ViewController.swift in Sources */,
				CCF5068D1E2876F600FA8F86 /* AppDelegate.swift in Sources */,
			);
			runOnlyForDeploymentPostprocessing = 0;
		};
/* End PBXSourcesBuildPhase section */

/* Begin PBXVariantGroup section */
		CCF506901E2876F600FA8F86 /* Main.storyboard */ = {
			isa = PBXVariantGroup;
			children = (
				CCF506911E2876F600FA8F86 /* Base */,
			);
			name = Main.storyboard;
			sourceTree = "<group>";
		};
		CCF506951E2876F600FA8F86 /* LaunchScreen.storyboard */ = {
			isa = PBXVariantGroup;
			children = (
				CCF506961E2876F600FA8F86 /* Base */,
			);
			name = LaunchScreen.storyboard;
			sourceTree = "<group>";
		};
/* End PBXVariantGroup section */

/* Begin XCBuildConfiguration section */
		CCF506991E2876F600FA8F86 /* Debug */ = {
			isa = XCBuildConfiguration;
			buildSettings = {
				ALWAYS_SEARCH_USER_PATHS = NO;
				CLANG_ANALYZER_NONNULL = YES;
				CLANG_CXX_LANGUAGE_STANDARD = "gnu++0x";
				CLANG_CXX_LIBRARY = "libc++";
				CLANG_ENABLE_MODULES = YES;
				CLANG_ENABLE_OBJC_ARC = YES;
				CLANG_WARN_BOOL_CONVERSION = YES;
				CLANG_WARN_CONSTANT_CONVERSION = YES;
				CLANG_WARN_DIRECT_OBJC_ISA_USAGE = YES_ERROR;
				CLANG_WARN_DOCUMENTATION_COMMENTS = YES;
				CLANG_WARN_EMPTY_BODY = YES;
				CLANG_WARN_ENUM_CONVERSION = YES;
				CLANG_WARN_INFINITE_RECURSION = YES;
				CLANG_WARN_INT_CONVERSION = YES;
				CLANG_WARN_OBJC_ROOT_CLASS = YES_ERROR;
				CLANG_WARN_SUSPICIOUS_MOVES = YES;
				CLANG_WARN_UNREACHABLE_CODE = YES;
				CLANG_WARN__DUPLICATE_METHOD_MATCH = YES;
				"CODE_SIGN_IDENTITY[sdk=iphoneos*]" = "iPhone Developer";
				COPY_PHASE_STRIP = NO;
				DEBUG_INFORMATION_FORMAT = dwarf;
				ENABLE_STRICT_OBJC_MSGSEND = YES;
				ENABLE_TESTABILITY = YES;
				GCC_C_LANGUAGE_STANDARD = gnu99;
				GCC_DYNAMIC_NO_PIC = NO;
				GCC_NO_COMMON_BLOCKS = YES;
				GCC_OPTIMIZATION_LEVEL = 0;
				GCC_PREPROCESSOR_DEFINITIONS = (
					"DEBUG=1",
					"$(inherited)",
				);
				GCC_WARN_64_TO_32_BIT_CONVERSION = YES;
				GCC_WARN_ABOUT_RETURN_TYPE = YES_ERROR;
				GCC_WARN_UNDECLARED_SELECTOR = YES;
				GCC_WARN_UNINITIALIZED_AUTOS = YES_AGGRESSIVE;
				GCC_WARN_UNUSED_FUNCTION = YES;
				GCC_WARN_UNUSED_VARIABLE = YES;
				IPHONEOS_DEPLOYMENT_TARGET = 10.1;
				MTL_ENABLE_DEBUG_INFO = YES;
				ONLY_ACTIVE_ARCH = YES;
				SDKROOT = iphoneos;
				SWIFT_ACTIVE_COMPILATION_CONDITIONS = DEBUG;
				SWIFT_OPTIMIZATION_LEVEL = "-Onone";
			};
			name = Debug;
		};
		CCF5069A1E2876F600FA8F86 /* Release */ = {
			isa = XCBuildConfiguration;
			buildSettings = {
				ALWAYS_SEARCH_USER_PATHS = NO;
				CLANG_ANALYZER_NONNULL = YES;
				CLANG_CXX_LANGUAGE_STANDARD = "gnu++0x";
				CLANG_CXX_LIBRARY = "libc++";
				CLANG_ENABLE_MODULES = YES;
				CLANG_ENABLE_OBJC_ARC = YES;
				CLANG_WARN_BOOL_CONVERSION = YES;
				CLANG_WARN_CONSTANT_CONVERSION = YES;
				CLANG_WARN_DIRECT_OBJC_ISA_USAGE = YES_ERROR;
				CLANG_WARN_DOCUMENTATION_COMMENTS = YES;
				CLANG_WARN_EMPTY_BODY = YES;
				CLANG_WARN_ENUM_CONVERSION = YES;
				CLANG_WARN_INFINITE_RECURSION = YES;
				CLANG_WARN_INT_CONVERSION = YES;
				CLANG_WARN_OBJC_ROOT_CLASS = YES_ERROR;
				CLANG_WARN_SUSPICIOUS_MOVES = YES;
				CLANG_WARN_UNREACHABLE_CODE = YES;
				CLANG_WARN__DUPLICATE_METHOD_MATCH = YES;
				"CODE_SIGN_IDENTITY[sdk=iphoneos*]" = "iPhone Developer";
				COPY_PHASE_STRIP = NO;
				DEBUG_INFORMATION_FORMAT = "dwarf-with-dsym";
				ENABLE_NS_ASSERTIONS = NO;
				ENABLE_STRICT_OBJC_MSGSEND = YES;
				GCC_C_LANGUAGE_STANDARD = gnu99;
				GCC_NO_COMMON_BLOCKS = YES;
				GCC_WARN_64_TO_32_BIT_CONVERSION = YES;
				GCC_WARN_ABOUT_RETURN_TYPE = YES_ERROR;
				GCC_WARN_UNDECLARED_SELECTOR = YES;
				GCC_WARN_UNINITIALIZED_AUTOS = YES_AGGRESSIVE;
				GCC_WARN_UNUSED_FUNCTION = YES;
				GCC_WARN_UNUSED_VARIABLE = YES;
				IPHONEOS_DEPLOYMENT_TARGET = 10.1;
				MTL_ENABLE_DEBUG_INFO = NO;
				SDKROOT = iphoneos;
				SWIFT_OPTIMIZATION_LEVEL = "-Owholemodule";
				VALIDATE_PRODUCT = YES;
			};
			name = Release;
		};
		CCF5069C1E2876F600FA8F86 /* Debug */ = {
			isa = XCBuildConfiguration;
			buildSettings = {
				ASSETCATALOG_COMPILER_APPICON_NAME = AppIcon;
				DEVELOPMENT_TEAM = 78CZW53SFT;
				INFOPLIST_FILE = BTFlashMessageDemo/Info.plist;
				LD_RUNPATH_SEARCH_PATHS = "$(inherited) @executable_path/Frameworks";
				PRODUCT_BUNDLE_IDENTIFIER = com.vns.BTFlashMessageDemo;
				PRODUCT_NAME = "$(TARGET_NAME)";
				SWIFT_VERSION = 3.0;
			};
			name = Debug;
		};
		CCF5069D1E2876F600FA8F86 /* Release */ = {
			isa = XCBuildConfiguration;
			buildSettings = {
				ASSETCATALOG_COMPILER_APPICON_NAME = AppIcon;
				DEVELOPMENT_TEAM = 78CZW53SFT;
				INFOPLIST_FILE = BTFlashMessageDemo/Info.plist;
				LD_RUNPATH_SEARCH_PATHS = "$(inherited) @executable_path/Frameworks";
				PRODUCT_BUNDLE_IDENTIFIER = com.vns.BTFlashMessageDemo;
				PRODUCT_NAME = "$(TARGET_NAME)";
				SWIFT_VERSION = 3.0;
			};
			name = Release;
		};
/* End XCBuildConfiguration section */

/* Begin XCConfigurationList section */
		CCF506841E2876F600FA8F86 /* Build configuration list for PBXProject "BTFlashMessageDemo" */ = {
			isa = XCConfigurationList;
			buildConfigurations = (
				CCF506991E2876F600FA8F86 /* Debug */,
				CCF5069A1E2876F600FA8F86 /* Release */,
			);
			defaultConfigurationIsVisible = 0;
			defaultConfigurationName = Release;
		};
		CCF5069B1E2876F600FA8F86 /* Build configuration list for PBXNativeTarget "BTFlashMessageDemo" */ = {
			isa = XCConfigurationList;
			buildConfigurations = (
				CCF5069C1E2876F600FA8F86 /* Debug */,
				CCF5069D1E2876F600FA8F86 /* Release */,
			);
			defaultConfigurationIsVisible = 0;
		};
/* End XCConfigurationList section */
	};
	rootObject = CCF506811E2876F600FA8F86 /* Project object */;
}
